
Microsoft Visual Studio Solution File, Format Version 12.00
Project("{FAE04EC0-301F-11D3-BF4B-00C04F79EFBC}") = "SyncFaction", "SyncFaction\SyncFaction.csproj", "{C059C175-2740-41A3-A652-9D2A7530B974}"
EndProject
Project("{2150E333-8FDC-42A3-9474-1A3956D46DE8}") = "tests", "tests", "{7508381C-935E-4E20-A310-1C550289A13C}"
	ProjectSection(SolutionItems) = preProject
		tests\README.md = tests\README.md
	EndProjectSection
EndProject
Project("{FAE04EC0-301F-11D3-BF4B-00C04F79EFBC}") = "SyncFactionTests", "tests\SyncFactionTests\SyncFactionTests.csproj", "{8AD4F5F6-9B3F-47EC-8698-5031FA41FFA9}"
EndProject
Project("{FAE04EC0-301F-11D3-BF4B-00C04F79EFBC}") = "SyncFaction.Core", "SyncFaction.Core\SyncFaction.Core.csproj", "{0F79F38A-34A5-4F4F-A34E-DCA5E4C1B57D}"
EndProject
Project("{FAE04EC0-301F-11D3-BF4B-00C04F79EFBC}") = "SyncFaction.Packer", "SyncFaction.Packer\SyncFaction.Packer.csproj", "{A0B7A163-29E1-428C-9C18-B16548048785}"
EndProject
Project("{FAE04EC0-301F-11D3-BF4B-00C04F79EFBC}") = "SyncFaction.ModManager", "SyncFaction.ModManager\SyncFaction.ModManager.csproj", "{39075B9A-BC4B-47F2-B373-2ECD6CC0FCF4}"
EndProject
Global
	GlobalSection(SolutionConfigurationPlatforms) = preSolution
		Debug|Any CPU = Debug|Any CPU
		Release|Any CPU = Release|Any CPU
	EndGlobalSection
	GlobalSection(ProjectConfigurationPlatforms) = postSolution
		{C059C175-2740-41A3-A652-9D2A7530B974}.Debug|Any CPU.ActiveCfg = Debug|Any CPU
		{C059C175-2740-41A3-A652-9D2A7530B974}.Debug|Any CPU.Build.0 = Debug|Any CPU
		{C059C175-2740-41A3-A652-9D2A7530B974}.Release|Any CPU.ActiveCfg = Release|Any CPU
		{C059C175-2740-41A3-A652-9D2A7530B974}.Release|Any CPU.Build.0 = Release|Any CPU
		{8AD4F5F6-9B3F-47EC-8698-5031FA41FFA9}.Debug|Any CPU.ActiveCfg = Debug|Any CPU
		{8AD4F5F6-9B3F-47EC-8698-5031FA41FFA9}.Debug|Any CPU.Build.0 = Debug|Any CPU
		{8AD4F5F6-9B3F-47EC-8698-5031FA41FFA9}.Release|Any CPU.ActiveCfg = Release|Any CPU
		{8AD4F5F6-9B3F-47EC-8698-5031FA41FFA9}.Release|Any CPU.Build.0 = Release|Any CPU
		{0F79F38A-34A5-4F4F-A34E-DCA5E4C1B57D}.Debug|Any CPU.ActiveCfg = Debug|Any CPU
		{0F79F38A-34A5-4F4F-A34E-DCA5E4C1B57D}.Debug|Any CPU.Build.0 = Debug|Any CPU
		{0F79F38A-34A5-4F4F-A34E-DCA5E4C1B57D}.Release|Any CPU.ActiveCfg = Release|Any CPU
		{0F79F38A-34A5-4F4F-A34E-DCA5E4C1B57D}.Release|Any CPU.Build.0 = Release|Any CPU
		{A0B7A163-29E1-428C-9C18-B16548048785}.Debug|Any CPU.ActiveCfg = Debug|Any CPU
		{A0B7A163-29E1-428C-9C18-B16548048785}.Debug|Any CPU.Build.0 = Debug|Any CPU
		{A0B7A163-29E1-428C-9C18-B16548048785}.Release|Any CPU.ActiveCfg = Release|Any CPU
		{A0B7A163-29E1-428C-9C18-B16548048785}.Release|Any CPU.Build.0 = Release|Any CPU
		{39075B9A-BC4B-47F2-B373-2ECD6CC0FCF4}.Debug|Any CPU.ActiveCfg = Debug|Any CPU
		{39075B9A-BC4B-47F2-B373-2ECD6CC0FCF4}.Debug|Any CPU.Build.0 = Debug|Any CPU
		{39075B9A-BC4B-47F2-B373-2ECD6CC0FCF4}.Release|Any CPU.ActiveCfg = Release|Any CPU
		{39075B9A-BC4B-47F2-B373-2ECD6CC0FCF4}.Release|Any CPU.Build.0 = Release|Any CPU
	EndGlobalSection
	GlobalSection(NestedProjects) = preSolution
		{8AD4F5F6-9B3F-47EC-8698-5031FA41FFA9} = {7508381C-935E-4E20-A310-1C550289A13C}
	EndGlobalSection
EndGlobal
